
Microsoft Visual Studio Solution File, Format Version 12.00
# Visual Studio Version 16
VisualStudioVersion = 16.0.30804.86
MinimumVisualStudioVersion = 10.0.40219.1
Project("{9A19103F-16F7-4668-BE54-9A1E7A4F7556}") = "CSHTGT.WebAPI", "CSHTGT.Web\CSHTGT.WebAPI.csproj", "{133D4059-2114-48A8-B4A9-8349EE3D671F}"
EndProject
Project("{9A19103F-16F7-4668-BE54-9A1E7A4F7556}") = "CSHTGT.Data", "CSHTGT.Data\CSHTGT.Data.csproj", "{F643E739-FF4E-4039-8583-3284E915E28C}"
EndProject
Project("{2150E333-8FDC-42A3-9474-1A3956D46DE8}") = "Solution Items", "Solution Items", "{88407CBF-35AA-4EB0-825C-9471C311F10B}"
	ProjectSection(SolutionItems) = preProject
		README.md = README.md
	EndProjectSection
EndProject
Project("{9A19103F-16F7-4668-BE54-9A1E7A4F7556}") = "CSHTGT.WebApp", "CSHTGT.WebApp\CSHTGT.WebApp.csproj", "{E969F88D-3631-442E-9631-AF28D35EAF64}"
EndProject
Global
	GlobalSection(SolutionConfigurationPlatforms) = preSolution
		Debug|Any CPU = Debug|Any CPU
		Release|Any CPU = Release|Any CPU
	EndGlobalSection
	GlobalSection(ProjectConfigurationPlatforms) = postSolution
		{133D4059-2114-48A8-B4A9-8349EE3D671F}.Debug|Any CPU.ActiveCfg = Debug|Any CPU
		{133D4059-2114-48A8-B4A9-8349EE3D671F}.Debug|Any CPU.Build.0 = Debug|Any CPU
		{133D4059-2114-48A8-B4A9-8349EE3D671F}.Release|Any CPU.ActiveCfg = Release|Any CPU
		{133D4059-2114-48A8-B4A9-8349EE3D671F}.Release|Any CPU.Build.0 = Release|Any CPU
		{F643E739-FF4E-4039-8583-3284E915E28C}.Debug|Any CPU.ActiveCfg = Debug|Any CPU
		{F643E739-FF4E-4039-8583-3284E915E28C}.Debug|Any CPU.Build.0 = Debug|Any CPU
		{F643E739-FF4E-4039-8583-3284E915E28C}.Release|Any CPU.ActiveCfg = Release|Any CPU
		{F643E739-FF4E-4039-8583-3284E915E28C}.Release|Any CPU.Build.0 = Release|Any CPU
		{E969F88D-3631-442E-9631-AF28D35EAF64}.Debug|Any CPU.ActiveCfg = Debug|Any CPU
		{E969F88D-3631-442E-9631-AF28D35EAF64}.Debug|Any CPU.Build.0 = Debug|Any CPU
		{E969F88D-3631-442E-9631-AF28D35EAF64}.Release|Any CPU.ActiveCfg = Release|Any CPU
		{E969F88D-3631-442E-9631-AF28D35EAF64}.Release|Any CPU.Build.0 = Release|Any CPU
	EndGlobalSection
	GlobalSection(SolutionProperties) = preSolution
		HideSolutionNode = FALSE
	EndGlobalSection
	GlobalSection(ExtensibilityGlobals) = postSolution
		SolutionGuid = {829A90F4-819B-46D5-A63C-751178F8A08E}
	EndGlobalSection
EndGlobal
