
Microsoft Visual Studio Solution File, Format Version 12.00
# Visual Studio Version 16
VisualStudioVersion = 16.0.30804.86
MinimumVisualStudioVersion = 10.0.40219.1
Project("{9A19103F-16F7-4668-BE54-9A1E7A4F7556}") = "CSHTGT.Data", "CSHTGT.Data\CSHTGT.Data.csproj", "{F643E739-FF4E-4039-8583-3284E915E28C}"
EndProject
Project("{2150E333-8FDC-42A3-9474-1A3956D46DE8}") = "Solution Items", "Solution Items", "{88407CBF-35AA-4EB0-825C-9471C311F10B}"
	ProjectSection(SolutionItems) = preProject
		README.md = README.md
	EndProjectSection
EndProject
Project("{9A19103F-16F7-4668-BE54-9A1E7A4F7556}") = "CSHTGT.ViewModels", "CSHTGT.ViewModels\CSHTGT.ViewModels.csproj", "{ED0DEA61-88A9-4BE1-A634-5D6BCCEFC5BB}"
EndProject
Project("{9A19103F-16F7-4668-BE54-9A1E7A4F7556}") = "CSHTGT.Service", "CSHTGT.Service\CSHTGT.Service.csproj", "{B7DB02DD-2497-41AE-8C6E-4FEEF22C78EF}"
EndProject
Project("{9A19103F-16F7-4668-BE54-9A1E7A4F7556}") = "CSHTGT.WebAPI", "CSHTGT.WebAPI\CSHTGT.WebAPI.csproj", "{A73EC117-20AE-484D-9E62-E8AA9F7C3DE1}"
EndProject
Project("{9A19103F-16F7-4668-BE54-9A1E7A4F7556}") = "CSHTGT.WebApp", "CSHTGT.WebApp\CSHTGT.WebApp.csproj", "{96D273D1-E4DC-4BE4-98CF-73CD9532F2D5}"
EndProject
Project("{9A19103F-16F7-4668-BE54-9A1E7A4F7556}") = "CSHTGT.UnitTest", "CSHTGT.UnitTest\CSHTGT.UnitTest.csproj", "{E33730F5-7C57-4C16-992A-C9DFBBB16ADC}"
EndProject
Global
	GlobalSection(SolutionConfigurationPlatforms) = preSolution
		Debug|Any CPU = Debug|Any CPU
		Release|Any CPU = Release|Any CPU
	EndGlobalSection
	GlobalSection(ProjectConfigurationPlatforms) = postSolution
		{F643E739-FF4E-4039-8583-3284E915E28C}.Debug|Any CPU.ActiveCfg = Debug|Any CPU
		{F643E739-FF4E-4039-8583-3284E915E28C}.Debug|Any CPU.Build.0 = Debug|Any CPU
		{F643E739-FF4E-4039-8583-3284E915E28C}.Release|Any CPU.ActiveCfg = Release|Any CPU
		{F643E739-FF4E-4039-8583-3284E915E28C}.Release|Any CPU.Build.0 = Release|Any CPU
		{ED0DEA61-88A9-4BE1-A634-5D6BCCEFC5BB}.Debug|Any CPU.ActiveCfg = Debug|Any CPU
		{ED0DEA61-88A9-4BE1-A634-5D6BCCEFC5BB}.Debug|Any CPU.Build.0 = Debug|Any CPU
		{ED0DEA61-88A9-4BE1-A634-5D6BCCEFC5BB}.Release|Any CPU.ActiveCfg = Release|Any CPU
		{ED0DEA61-88A9-4BE1-A634-5D6BCCEFC5BB}.Release|Any CPU.Build.0 = Release|Any CPU
		{B7DB02DD-2497-41AE-8C6E-4FEEF22C78EF}.Debug|Any CPU.ActiveCfg = Debug|Any CPU
		{B7DB02DD-2497-41AE-8C6E-4FEEF22C78EF}.Debug|Any CPU.Build.0 = Debug|Any CPU
		{B7DB02DD-2497-41AE-8C6E-4FEEF22C78EF}.Release|Any CPU.ActiveCfg = Release|Any CPU
		{B7DB02DD-2497-41AE-8C6E-4FEEF22C78EF}.Release|Any CPU.Build.0 = Release|Any CPU
		{A73EC117-20AE-484D-9E62-E8AA9F7C3DE1}.Debug|Any CPU.ActiveCfg = Debug|Any CPU
		{A73EC117-20AE-484D-9E62-E8AA9F7C3DE1}.Debug|Any CPU.Build.0 = Debug|Any CPU
		{A73EC117-20AE-484D-9E62-E8AA9F7C3DE1}.Release|Any CPU.ActiveCfg = Release|Any CPU
		{A73EC117-20AE-484D-9E62-E8AA9F7C3DE1}.Release|Any CPU.Build.0 = Release|Any CPU
		{96D273D1-E4DC-4BE4-98CF-73CD9532F2D5}.Debug|Any CPU.ActiveCfg = Debug|Any CPU
		{96D273D1-E4DC-4BE4-98CF-73CD9532F2D5}.Debug|Any CPU.Build.0 = Debug|Any CPU
		{96D273D1-E4DC-4BE4-98CF-73CD9532F2D5}.Release|Any CPU.ActiveCfg = Release|Any CPU
		{96D273D1-E4DC-4BE4-98CF-73CD9532F2D5}.Release|Any CPU.Build.0 = Release|Any CPU
		{E33730F5-7C57-4C16-992A-C9DFBBB16ADC}.Debug|Any CPU.ActiveCfg = Debug|Any CPU
		{E33730F5-7C57-4C16-992A-C9DFBBB16ADC}.Debug|Any CPU.Build.0 = Debug|Any CPU
		{E33730F5-7C57-4C16-992A-C9DFBBB16ADC}.Release|Any CPU.ActiveCfg = Release|Any CPU
		{E33730F5-7C57-4C16-992A-C9DFBBB16ADC}.Release|Any CPU.Build.0 = Release|Any CPU
	EndGlobalSection
	GlobalSection(SolutionProperties) = preSolution
		HideSolutionNode = FALSE
	EndGlobalSection
	GlobalSection(ExtensibilityGlobals) = postSolution
		SolutionGuid = {829A90F4-819B-46D5-A63C-751178F8A08E}
	EndGlobalSection
EndGlobal
